Microsoft Visual Studio Solution File, Format Version 11.00
# Visual Studio 2008

Project("{D3BA1D39-7917-C62D-DF0D-45E81FD1FEE7}") = "FailedStarFoxClone", "Assembly-CSharp.csproj", "{48BA9FD3-C532-4AAB-D2BE-CB221D82A759}"
EndProject
Project("{D3BA1D39-7917-C62D-DF0D-45E81FD1FEE7}") = "FailedStarFoxClone", "Assembly-UnityScript.unityproj", "{F006CC17-8E8C-BB35-A5DB-8880D4B8E48D}"
EndProject
Global
	GlobalSection(SolutionConfigurationPlatforms) = preSolution
		Debug|Any CPU = Debug|Any CPU
		Release|Any CPU = Release|Any CPU
	EndGlobalSection
	GlobalSection(ProjectConfigurationPlatforms) = postSolution
		{48BA9FD3-C532-4AAB-D2BE-CB221D82A759}.Debug|Any CPU.ActiveCfg = Debug|Any CPU
		{48BA9FD3-C532-4AAB-D2BE-CB221D82A759}.Debug|Any CPU.Build.0 = Debug|Any CPU
		{48BA9FD3-C532-4AAB-D2BE-CB221D82A759}.Release|Any CPU.ActiveCfg = Release|Any CPU
		{48BA9FD3-C532-4AAB-D2BE-CB221D82A759}.Release|Any CPU.Build.0 = Release|Any CPU
		{F006CC17-8E8C-BB35-A5DB-8880D4B8E48D}.Debug|Any CPU.ActiveCfg = Debug|Any CPU
		{F006CC17-8E8C-BB35-A5DB-8880D4B8E48D}.Debug|Any CPU.Build.0 = Debug|Any CPU
		{F006CC17-8E8C-BB35-A5DB-8880D4B8E48D}.Release|Any CPU.ActiveCfg = Release|Any CPU
		{F006CC17-8E8C-BB35-A5DB-8880D4B8E48D}.Release|Any CPU.Build.0 = Release|Any CPU
	EndGlobalSection
	GlobalSection(SolutionProperties) = preSolution
		HideSolutionNode = FALSE
	EndGlobalSection
																													GlobalSection(MonoDevelopProperties) = preSolution
		StartupItem = Assembly-CSharp.csproj
		Policies = $0
		$0.TextStylePolicy = $1
		$1.inheritsSet = null
		$1.scope = text/x-csharp
		$0.CSharpFormattingPolicy = $2
		$2.inheritsSet = Mono
		$2.inheritsScope = text/x-csharp
		$2.scope = text/x-csharp
		$0.TextStylePolicy = $3
		$3.FileWidth = 120
		$3.TabWidth = 4
		$3.EolMarker = Unix
		$3.inheritsSet = Mono
		$3.inheritsScope = text/plain
		$3.scope = text/plain
	EndGlobalSection

EndGlobal
